
Microsoft Visual Studio Solution File, Format Version 12.00
# Visual Studio Version 16
VisualStudioVersion = 16.0.31321.278
MinimumVisualStudioVersion = 10.0.40219.1
Project("{888888A0-9F3D-457C-B088-3A5042F75D52}") = "LearningDJango", "LearningDJango.pyproj", "{F740F38C-A4F2-4CC2-A1BD-C94EFA598A2A}"
EndProject
Global
	GlobalSection(SolutionConfigurationPlatforms) = preSolution
		Debug|Any CPU = Debug|Any CPU
		Release|Any CPU = Release|Any CPU
	EndGlobalSection
	GlobalSection(ProjectConfigurationPlatforms) = postSolution
		{F740F38C-A4F2-4CC2-A1BD-C94EFA598A2A}.Debug|Any CPU.ActiveCfg = Debug|Any CPU
		{F740F38C-A4F2-4CC2-A1BD-C94EFA598A2A}.Debug|Any CPU.Build.0 = Debug|Any CPU
		{F740F38C-A4F2-4CC2-A1BD-C94EFA598A2A}.Release|Any CPU.ActiveCfg = Release|Any CPU
		{F740F38C-A4F2-4CC2-A1BD-C94EFA598A2A}.Release|Any CPU.Build.0 = Release|Any CPU
	EndGlobalSection
	GlobalSection(SolutionProperties) = preSolution
		HideSolutionNode = FALSE
	EndGlobalSection
	GlobalSection(ExtensibilityGlobals) = postSolution
		SolutionGuid = {5419B53C-411C-42CE-868D-2463642F2505}
	EndGlobalSection
EndGlobal
